
Microsoft Visual Studio Solution File, Format Version 12.00
# Visual Studio 2012
Project("{FAE04EC0-301F-11D3-BF4B-00C04F79EFBC}") = "UsersExportImport", "UsersExportImport.csproj", "{83108CB8-3DF3-4332-9AF3-FCFFB133CFFA}"
EndProject
Global
	GlobalSection(SolutionConfigurationPlatforms) = preSolution
		Debug|Any CPU = Debug|Any CPU
		Release|Any CPU = Release|Any CPU
	EndGlobalSection
	GlobalSection(ProjectConfigurationPlatforms) = postSolution
		{83108CB8-3DF3-4332-9AF3-FCFFB133CFFA}.Debug|Any CPU.ActiveCfg = Debug|Any CPU
		{83108CB8-3DF3-4332-9AF3-FCFFB133CFFA}.Debug|Any CPU.Build.0 = Debug|Any CPU
		{83108CB8-3DF3-4332-9AF3-FCFFB133CFFA}.Release|Any CPU.ActiveCfg = Release|Any CPU
		{83108CB8-3DF3-4332-9AF3-FCFFB133CFFA}.Release|Any CPU.Build.0 = Release|Any CPU
	EndGlobalSection
	GlobalSection(SolutionProperties) = preSolution
		HideSolutionNode = FALSE
	EndGlobalSection
EndGlobal
